
Microsoft Visual Studio Solution File, Format Version 12.00
# Visual Studio 2012
VisualStudioVersion = 12.0.30723.0
MinimumVisualStudioVersion = 10.0.40219.1
Project("{FAE04EC0-301F-11D3-BF4B-00C04F79EFBC}") = "JabbR.Client.XamarinForms", "JabbR.Client.XamarinForms\JabbR.Client.XamarinForms.csproj", "{506B5402-B89D-476C-AEF8-EA03266117FB}"
EndProject
Project("{FAE04EC0-301F-11D3-BF4B-00C04F79EFBC}") = "JabbR.Client.XamarinForms.Android", "JabbR.Client.XamarinForms.Android\JabbR.Client.XamarinForms.Android.csproj", "{CAA8CA96-B873-4CEC-B514-8D8B87829B47}"
EndProject
Project("{FAE04EC0-301F-11D3-BF4B-00C04F79EFBC}") = "JabbR.Client.XamarinForms.iOS", "JabbR.Client.XamarinForms.iOS\JabbR.Client.XamarinForms.iOS.csproj", "{935F3673-7386-4F49-B16C-E8D924E7DF30}"
EndProject
Project("{FAE04EC0-301F-11D3-BF4B-00C04F79EFBC}") = "JabbR.Client.XamarinForms.WinPhone", "JabbR.Client.XamarinForms.WinPhone\JabbR.Client.XamarinForms.WinPhone.csproj", "{4FAA7091-796F-46E2-80F8-2909F9D51395}"
EndProject
Project("{2150E333-8FDC-42A3-9474-1A3956D46DE8}") = "submodulez", "submodulez", "{92016FF2-58A9-4B85-86E6-F1EDE3DB35E3}"
EndProject
Project("{FAE04EC0-301F-11D3-BF4B-00C04F79EFBC}") = "JabbR.Client", "submodulez\JabbR\JabbR.Client\JabbR.Client.csproj", "{A4A1D183-FD80-4DBD-806F-883DDADD4967}"
EndProject
Project("{FAE04EC0-301F-11D3-BF4B-00C04F79EFBC}") = "JabbR.Client.Portable", "submodulez\JabbR\JabbR.Client.Portable\JabbR.Client.Portable.csproj", "{3786FC2E-7FC9-43EC-B137-41B070DE37D8}"
EndProject
Project("{FAE04EC0-301F-11D3-BF4B-00C04F79EFBC}") = "JabbR.Client.XamarinAndroid", "submodulez\JabbR\Xamarin.Mobile\JabbR.Client.XamarinAndroid\JabbR.Client.XamarinAndroid.csproj", "{2E0A1CE9-1785-4291-A807-C9F4AF017035}"
EndProject
Project("{2150E333-8FDC-42A3-9474-1A3956D46DE8}") = ".nuget", ".nuget", "{2BD75CE1-3EDC-4BFA-9DAC-2236D74A9658}"
	ProjectSection(SolutionItems) = preProject
		submodulez\JabbR\Xamarin.Mobile\.nuget\NuGet.Config = submodulez\JabbR\Xamarin.Mobile\.nuget\NuGet.Config
		submodulez\JabbR\Xamarin.Mobile\.nuget\NuGet.exe = submodulez\JabbR\Xamarin.Mobile\.nuget\NuGet.exe
		submodulez\JabbR\Xamarin.Mobile\.nuget\NuGet.targets = submodulez\JabbR\Xamarin.Mobile\.nuget\NuGet.targets
	EndProjectSection
EndProject
Project("{2150E333-8FDC-42A3-9474-1A3956D46DE8}") = "samples", "samples", "{78874070-8713-4A97-9C0B-E49AD1AD7ACB}"
EndProject
Project("{2150E333-8FDC-42A3-9474-1A3956D46DE8}") = "mobile", "mobile", "{8B6EC659-1156-4519-9024-6326BD9251C3}"
EndProject
Project("{2150E333-8FDC-42A3-9474-1A3956D46DE8}") = "desktop", "desktop", "{ADE52344-E258-416C-96CA-742340A6D052}"
EndProject
Project("{FAE04EC0-301F-11D3-BF4B-00C04F79EFBC}") = "JabbR.Client.XamarinForms", "submodulez\JabbR\Xamarin.Mobile\samples\mobile\JabbR.Client.XamarinForms\JabbR.Client.XamarinForms\JabbR.Client.XamarinForms.csproj", "{41EDCA35-0B7D-4542-A5D7-D914CBE83EAB}"
EndProject
Project("{FAE04EC0-301F-11D3-BF4B-00C04F79EFBC}") = "JabbR.Client.XamarinForms.Android", "submodulez\JabbR\Xamarin.Mobile\samples\mobile\JabbR.Client.XamarinForms\JabbR.Client.XamarinForms.Android\JabbR.Client.XamarinForms.Android.csproj", "{48F0414C-3522-4E77-9F08-A30994A900A4}"
EndProject
Project("{FAE04EC0-301F-11D3-BF4B-00C04F79EFBC}") = "JabbR.Client.XamarinForms.iOS", "submodulez\JabbR\Xamarin.Mobile\samples\mobile\JabbR.Client.XamarinForms\JabbR.Client.XamarinForms.iOS\JabbR.Client.XamarinForms.iOS.csproj", "{E3434B95-9352-46AE-A256-42CA9A9D5AF7}"
EndProject
Project("{FAE04EC0-301F-11D3-BF4B-00C04F79EFBC}") = "JabbR.Client.XamarinForms.WinPhone", "submodulez\JabbR\Xamarin.Mobile\samples\mobile\JabbR.Client.XamarinForms\JabbR.Client.XamarinForms.WinPhone\JabbR.Client.XamarinForms.WinPhone.csproj", "{CFF4130B-7196-4199-87AC-BEF0CC868891}"
EndProject
Project("{FAE04EC0-301F-11D3-BF4B-00C04F79EFBC}") = "Jabbr.Client.XamarinIOS-Classic", "submodulez\JabbR\Xamarin.Mobile\Jabbr.Client.XamarinIOS-Classic\Jabbr.Client.XamarinIOS-Classic.csproj", "{3E0C9916-924D-4F59-8FCF-E4A299DDD4CC}"
EndProject
Project("{FAE04EC0-301F-11D3-BF4B-00C04F79EFBC}") = "Jabbr.Client.XamarinIOS", "submodulez\JabbR\Xamarin.Mobile\Jabbr.Client.XamarinIOS\Jabbr.Client.XamarinIOS.csproj", "{D8E59ACA-3781-4AD7-89E2-73F0C9217614}"
EndProject
Project("{2150E333-8FDC-42A3-9474-1A3956D46DE8}") = ".nuget", ".nuget", "{C4578E5D-1E0E-4AB7-80FD-AA1113B7B795}"
	ProjectSection(SolutionItems) = preProject
		.nuget\NuGet.Config = .nuget\NuGet.Config
		.nuget\NuGet.exe = .nuget\NuGet.exe
		.nuget\NuGet.targets = .nuget\NuGet.targets
	EndProjectSection
EndProject
Global
	GlobalSection(SolutionConfigurationPlatforms) = preSolution
		Ad-Hoc|Any CPU = Ad-Hoc|Any CPU
		Ad-Hoc|ARM = Ad-Hoc|ARM
		Ad-Hoc|iPhone = Ad-Hoc|iPhone
		Ad-Hoc|iPhoneSimulator = Ad-Hoc|iPhoneSimulator
		Ad-Hoc|Mixed Platforms = Ad-Hoc|Mixed Platforms
		Ad-Hoc|x86 = Ad-Hoc|x86
		AppStore|Any CPU = AppStore|Any CPU
		AppStore|ARM = AppStore|ARM
		AppStore|iPhone = AppStore|iPhone
		AppStore|iPhoneSimulator = AppStore|iPhoneSimulator
		AppStore|Mixed Platforms = AppStore|Mixed Platforms
		AppStore|x86 = AppStore|x86
		Debug|Any CPU = Debug|Any CPU
		Debug|ARM = Debug|ARM
		Debug|iPhone = Debug|iPhone
		Debug|iPhoneSimulator = Debug|iPhoneSimulator
		Debug|Mixed Platforms = Debug|Mixed Platforms
		Debug|x86 = Debug|x86
		Release|Any CPU = Release|Any CPU
		Release|ARM = Release|ARM
		Release|iPhone = Release|iPhone
		Release|iPhoneSimulator = Release|iPhoneSimulator
		Release|Mixed Platforms = Release|Mixed Platforms
		Release|x86 = Release|x86
	EndGlobalSection
	GlobalSection(ProjectConfigurationPlatforms) = postSolution
		{2E0A1CE9-1785-4291-A807-C9F4AF017035}.Ad-Hoc|Any CPU.ActiveCfg = Release|Any CPU
		{2E0A1CE9-1785-4291-A807-C9F4AF017035}.Ad-Hoc|Any CPU.Build.0 = Release|Any CPU
		{2E0A1CE9-1785-4291-A807-C9F4AF017035}.Ad-Hoc|ARM.ActiveCfg = Release|Any CPU
		{2E0A1CE9-1785-4291-A807-C9F4AF017035}.Ad-Hoc|iPhone.ActiveCfg = Release|Any CPU
		{2E0A1CE9-1785-4291-A807-C9F4AF017035}.Ad-Hoc|iPhoneSimulator.ActiveCfg = Release|Any CPU
		{2E0A1CE9-1785-4291-A807-C9F4AF017035}.Ad-Hoc|Mixed Platforms.ActiveCfg = Release|Any CPU
		{2E0A1CE9-1785-4291-A807-C9F4AF017035}.Ad-Hoc|Mixed Platforms.Build.0 = Release|Any CPU
		{2E0A1CE9-1785-4291-A807-C9F4AF017035}.Ad-Hoc|x86.ActiveCfg = Release|Any CPU
		{2E0A1CE9-1785-4291-A807-C9F4AF017035}.AppStore|Any CPU.ActiveCfg = Release|Any CPU
		{2E0A1CE9-1785-4291-A807-C9F4AF017035}.AppStore|Any CPU.Build.0 = Release|Any CPU
		{2E0A1CE9-1785-4291-A807-C9F4AF017035}.AppStore|ARM.ActiveCfg = Release|Any CPU
		{2E0A1CE9-1785-4291-A807-C9F4AF017035}.AppStore|iPhone.ActiveCfg = Release|Any CPU
		{2E0A1CE9-1785-4291-A807-C9F4AF017035}.AppStore|iPhoneSimulator.ActiveCfg = Release|Any CPU
		{2E0A1CE9-1785-4291-A807-C9F4AF017035}.AppStore|Mixed Platforms.ActiveCfg = Release|Any CPU
		{2E0A1CE9-1785-4291-A807-C9F4AF017035}.AppStore|Mixed Platforms.Build.0 = Release|Any CPU
		{2E0A1CE9-1785-4291-A807-C9F4AF017035}.AppStore|x86.ActiveCfg = Release|Any CPU
		{2E0A1CE9-1785-4291-A807-C9F4AF017035}.Debug|Any CPU.ActiveCfg = Debug|Any CPU
		{2E0A1CE9-1785-4291-A807-C9F4AF017035}.Debug|Any CPU.Build.0 = Debug|Any CPU
		{2E0A1CE9-1785-4291-A807-C9F4AF017035}.Debug|ARM.ActiveCfg = Debug|Any CPU
		{2E0A1CE9-1785-4291-A807-C9F4AF017035}.Debug|iPhone.ActiveCfg = Debug|Any CPU
		{2E0A1CE9-1785-4291-A807-C9F4AF017035}.Debug|iPhoneSimulator.ActiveCfg = Debug|Any CPU
		{2E0A1CE9-1785-4291-A807-C9F4AF017035}.Debug|Mixed Platforms.ActiveCfg = Debug|Any CPU
		{2E0A1CE9-1785-4291-A807-C9F4AF017035}.Debug|Mixed Platforms.Build.0 = Debug|Any CPU
		{2E0A1CE9-1785-4291-A807-C9F4AF017035}.Debug|x86.ActiveCfg = Debug|Any CPU
		{2E0A1CE9-1785-4291-A807-C9F4AF017035}.Release|Any CPU.ActiveCfg = Release|Any CPU
		{2E0A1CE9-1785-4291-A807-C9F4AF017035}.Release|Any CPU.Build.0 = Release|Any CPU
		{2E0A1CE9-1785-4291-A807-C9F4AF017035}.Release|ARM.ActiveCfg = Release|Any CPU
		{2E0A1CE9-1785-4291-A807-C9F4AF017035}.Release|iPhone.ActiveCfg = Release|Any CPU
		{2E0A1CE9-1785-4291-A807-C9F4AF017035}.Release|iPhoneSimulator.ActiveCfg = Release|Any CPU
		{2E0A1CE9-1785-4291-A807-C9F4AF017035}.Release|Mixed Platforms.ActiveCfg = Release|Any CPU
		{2E0A1CE9-1785-4291-A807-C9F4AF017035}.Release|Mixed Platforms.Build.0 = Release|Any CPU
		{2E0A1CE9-1785-4291-A807-C9F4AF017035}.Release|x86.ActiveCfg = Release|Any CPU
		{3786FC2E-7FC9-43EC-B137-41B070DE37D8}.Ad-Hoc|Any CPU.ActiveCfg = Release|Any CPU
		{3786FC2E-7FC9-43EC-B137-41B070DE37D8}.Ad-Hoc|Any CPU.Build.0 = Release|Any CPU
		{3786FC2E-7FC9-43EC-B137-41B070DE37D8}.Ad-Hoc|ARM.ActiveCfg = Release|Any CPU
		{3786FC2E-7FC9-43EC-B137-41B070DE37D8}.Ad-Hoc|iPhone.ActiveCfg = Release|Any CPU
		{3786FC2E-7FC9-43EC-B137-41B070DE37D8}.Ad-Hoc|iPhoneSimulator.ActiveCfg = Release|Any CPU
		{3786FC2E-7FC9-43EC-B137-41B070DE37D8}.Ad-Hoc|Mixed Platforms.ActiveCfg = Release|Any CPU
		{3786FC2E-7FC9-43EC-B137-41B070DE37D8}.Ad-Hoc|Mixed Platforms.Build.0 = Release|Any CPU
		{3786FC2E-7FC9-43EC-B137-41B070DE37D8}.Ad-Hoc|x86.ActiveCfg = Release|Any CPU
		{3786FC2E-7FC9-43EC-B137-41B070DE37D8}.AppStore|Any CPU.ActiveCfg = Release|Any CPU
		{3786FC2E-7FC9-43EC-B137-41B070DE37D8}.AppStore|Any CPU.Build.0 = Release|Any CPU
		{3786FC2E-7FC9-43EC-B137-41B070DE37D8}.AppStore|ARM.ActiveCfg = Release|Any CPU
		{3786FC2E-7FC9-43EC-B137-41B070DE37D8}.AppStore|iPhone.ActiveCfg = Release|Any CPU
		{3786FC2E-7FC9-43EC-B137-41B070DE37D8}.AppStore|iPhoneSimulator.ActiveCfg = Release|Any CPU
		{3786FC2E-7FC9-43EC-B137-41B070DE37D8}.AppStore|Mixed Platforms.ActiveCfg = Release|Any CPU
		{3786FC2E-7FC9-43EC-B137-41B070DE37D8}.AppStore|Mixed Platforms.Build.0 = Release|Any CPU
		{3786FC2E-7FC9-43EC-B137-41B070DE37D8}.AppStore|x86.ActiveCfg = Release|Any CPU
		{3786FC2E-7FC9-43EC-B137-41B070DE37D8}.Debug|Any CPU.ActiveCfg = Debug|Any CPU
		{3786FC2E-7FC9-43EC-B137-41B070DE37D8}.Debug|Any CPU.Build.0 = Debug|Any CPU
		{3786FC2E-7FC9-43EC-B137-41B070DE37D8}.Debug|ARM.ActiveCfg = Debug|Any CPU
		{3786FC2E-7FC9-43EC-B137-41B070DE37D8}.Debug|iPhone.ActiveCfg = Debug|Any CPU
		{3786FC2E-7FC9-43EC-B137-41B070DE37D8}.Debug|iPhoneSimulator.ActiveCfg = Debug|Any CPU
		{3786FC2E-7FC9-43EC-B137-41B070DE37D8}.Debug|Mixed Platforms.ActiveCfg = Debug|Any CPU
		{3786FC2E-7FC9-43EC-B137-41B070DE37D8}.Debug|Mixed Platforms.Build.0 = Debug|Any CPU
		{3786FC2E-7FC9-43EC-B137-41B070DE37D8}.Debug|x86.ActiveCfg = Debug|Any CPU
		{3786FC2E-7FC9-43EC-B137-41B070DE37D8}.Release|Any CPU.ActiveCfg = Release|Any CPU
		{3786FC2E-7FC9-43EC-B137-41B070DE37D8}.Release|Any CPU.Build.0 = Release|Any CPU
		{3786FC2E-7FC9-43EC-B137-41B070DE37D8}.Release|ARM.ActiveCfg = Release|Any CPU
		{3786FC2E-7FC9-43EC-B137-41B070DE37D8}.Release|iPhone.ActiveCfg = Release|Any CPU
		{3786FC2E-7FC9-43EC-B137-41B070DE37D8}.Release|iPhoneSimulator.ActiveCfg = Release|Any CPU
		{3786FC2E-7FC9-43EC-B137-41B070DE37D8}.Release|Mixed Platforms.ActiveCfg = Release|Any CPU
		{3786FC2E-7FC9-43EC-B137-41B070DE37D8}.Release|Mixed Platforms.Build.0 = Release|Any CPU
		{3786FC2E-7FC9-43EC-B137-41B070DE37D8}.Release|x86.ActiveCfg = Release|Any CPU
		{3E0C9916-924D-4F59-8FCF-E4A299DDD4CC}.Ad-Hoc|Any CPU.ActiveCfg = Release|Any CPU
		{3E0C9916-924D-4F59-8FCF-E4A299DDD4CC}.Ad-Hoc|Any CPU.Build.0 = Release|Any CPU
		{3E0C9916-924D-4F59-8FCF-E4A299DDD4CC}.Ad-Hoc|ARM.ActiveCfg = Release|Any CPU
		{3E0C9916-924D-4F59-8FCF-E4A299DDD4CC}.Ad-Hoc|ARM.Build.0 = Release|Any CPU
		{3E0C9916-924D-4F59-8FCF-E4A299DDD4CC}.Ad-Hoc|iPhone.ActiveCfg = Release|Any CPU
		{3E0C9916-924D-4F59-8FCF-E4A299DDD4CC}.Ad-Hoc|iPhone.Build.0 = Release|Any CPU
		{3E0C9916-924D-4F59-8FCF-E4A299DDD4CC}.Ad-Hoc|iPhoneSimulator.ActiveCfg = Release|Any CPU
		{3E0C9916-924D-4F59-8FCF-E4A299DDD4CC}.Ad-Hoc|iPhoneSimulator.Build.0 = Release|Any CPU
		{3E0C9916-924D-4F59-8FCF-E4A299DDD4CC}.Ad-Hoc|Mixed Platforms.ActiveCfg = Release|Any CPU
		{3E0C9916-924D-4F59-8FCF-E4A299DDD4CC}.Ad-Hoc|Mixed Platforms.Build.0 = Release|Any CPU
		{3E0C9916-924D-4F59-8FCF-E4A299DDD4CC}.Ad-Hoc|x86.ActiveCfg = Release|Any CPU
		{3E0C9916-924D-4F59-8FCF-E4A299DDD4CC}.Ad-Hoc|x86.Build.0 = Release|Any CPU
		{3E0C9916-924D-4F59-8FCF-E4A299DDD4CC}.AppStore|Any CPU.ActiveCfg = Release|Any CPU
		{3E0C9916-924D-4F59-8FCF-E4A299DDD4CC}.AppStore|Any CPU.Build.0 = Release|Any CPU
		{3E0C9916-924D-4F59-8FCF-E4A299DDD4CC}.AppStore|ARM.ActiveCfg = Release|Any CPU
		{3E0C9916-924D-4F59-8FCF-E4A299DDD4CC}.AppStore|ARM.Build.0 = Release|Any CPU
		{3E0C9916-924D-4F59-8FCF-E4A299DDD4CC}.AppStore|iPhone.ActiveCfg = Release|Any CPU
		{3E0C9916-924D-4F59-8FCF-E4A299DDD4CC}.AppStore|iPhone.Build.0 = Release|Any CPU
		{3E0C9916-924D-4F59-8FCF-E4A299DDD4CC}.AppStore|iPhoneSimulator.ActiveCfg = Release|Any CPU
		{3E0C9916-924D-4F59-8FCF-E4A299DDD4CC}.AppStore|iPhoneSimulator.Build.0 = Release|Any CPU
		{3E0C9916-924D-4F59-8FCF-E4A299DDD4CC}.AppStore|Mixed Platforms.ActiveCfg = Release|Any CPU
		{3E0C9916-924D-4F59-8FCF-E4A299DDD4CC}.AppStore|Mixed Platforms.Build.0 = Release|Any CPU
		{3E0C9916-924D-4F59-8FCF-E4A299DDD4CC}.AppStore|x86.ActiveCfg = Release|Any CPU
		{3E0C9916-924D-4F59-8FCF-E4A299DDD4CC}.AppStore|x86.Build.0 = Release|Any CPU
		{3E0C9916-924D-4F59-8FCF-E4A299DDD4CC}.Debug|Any CPU.ActiveCfg = Debug|Any CPU
		{3E0C9916-924D-4F59-8FCF-E4A299DDD4CC}.Debug|Any CPU.Build.0 = Debug|Any CPU
		{3E0C9916-924D-4F59-8FCF-E4A299DDD4CC}.Debug|ARM.ActiveCfg = Debug|Any CPU
		{3E0C9916-924D-4F59-8FCF-E4A299DDD4CC}.Debug|ARM.Build.0 = Debug|Any CPU
		{3E0C9916-924D-4F59-8FCF-E4A299DDD4CC}.Debug|iPhone.ActiveCfg = Debug|Any CPU
		{3E0C9916-924D-4F59-8FCF-E4A299DDD4CC}.Debug|iPhone.Build.0 = Debug|Any CPU
		{3E0C9916-924D-4F59-8FCF-E4A299DDD4CC}.Debug|iPhoneSimulator.ActiveCfg = Debug|Any CPU
		{3E0C9916-924D-4F59-8FCF-E4A299DDD4CC}.Debug|iPhoneSimulator.Build.0 = Debug|Any CPU
		{3E0C9916-924D-4F59-8FCF-E4A299DDD4CC}.Debug|Mixed Platforms.ActiveCfg = Debug|Any CPU
		{3E0C9916-924D-4F59-8FCF-E4A299DDD4CC}.Debug|Mixed Platforms.Build.0 = Debug|Any CPU
		{3E0C9916-924D-4F59-8FCF-E4A299DDD4CC}.Debug|x86.ActiveCfg = Debug|Any CPU
		{3E0C9916-924D-4F59-8FCF-E4A299DDD4CC}.Debug|x86.Build.0 = Debug|Any CPU
		{3E0C9916-924D-4F59-8FCF-E4A299DDD4CC}.Release|Any CPU.ActiveCfg = Release|Any CPU
		{3E0C9916-924D-4F59-8FCF-E4A299DDD4CC}.Release|Any CPU.Build.0 = Release|Any CPU
		{3E0C9916-924D-4F59-8FCF-E4A299DDD4CC}.Release|ARM.ActiveCfg = Release|Any CPU
		{3E0C9916-924D-4F59-8FCF-E4A299DDD4CC}.Release|ARM.Build.0 = Release|Any CPU
		{3E0C9916-924D-4F59-8FCF-E4A299DDD4CC}.Release|iPhone.ActiveCfg = Release|Any CPU
		{3E0C9916-924D-4F59-8FCF-E4A299DDD4CC}.Release|iPhone.Build.0 = Release|Any CPU
		{3E0C9916-924D-4F59-8FCF-E4A299DDD4CC}.Release|iPhoneSimulator.ActiveCfg = Release|Any CPU
		{3E0C9916-924D-4F59-8FCF-E4A299DDD4CC}.Release|iPhoneSimulator.Build.0 = Release|Any CPU
		{3E0C9916-924D-4F59-8FCF-E4A299DDD4CC}.Release|Mixed Platforms.ActiveCfg = Release|Any CPU
		{3E0C9916-924D-4F59-8FCF-E4A299DDD4CC}.Release|Mixed Platforms.Build.0 = Release|Any CPU
		{3E0C9916-924D-4F59-8FCF-E4A299DDD4CC}.Release|x86.ActiveCfg = Release|Any CPU
		{3E0C9916-924D-4F59-8FCF-E4A299DDD4CC}.Release|x86.Build.0 = Release|Any CPU
		{41EDCA35-0B7D-4542-A5D7-D914CBE83EAB}.Ad-Hoc|Any CPU.ActiveCfg = Release|Any CPU
		{41EDCA35-0B7D-4542-A5D7-D914CBE83EAB}.Ad-Hoc|Any CPU.Build.0 = Release|Any CPU
		{41EDCA35-0B7D-4542-A5D7-D914CBE83EAB}.Ad-Hoc|ARM.ActiveCfg = Release|Any CPU
		{41EDCA35-0B7D-4542-A5D7-D914CBE83EAB}.Ad-Hoc|iPhone.ActiveCfg = Release|Any CPU
		{41EDCA35-0B7D-4542-A5D7-D914CBE83EAB}.Ad-Hoc|iPhoneSimulator.ActiveCfg = Release|Any CPU
		{41EDCA35-0B7D-4542-A5D7-D914CBE83EAB}.Ad-Hoc|Mixed Platforms.ActiveCfg = Release|Any CPU
		{41EDCA35-0B7D-4542-A5D7-D914CBE83EAB}.Ad-Hoc|Mixed Platforms.Build.0 = Release|Any CPU
		{41EDCA35-0B7D-4542-A5D7-D914CBE83EAB}.Ad-Hoc|x86.ActiveCfg = Release|Any CPU
		{41EDCA35-0B7D-4542-A5D7-D914CBE83EAB}.AppStore|Any CPU.ActiveCfg = Release|Any CPU
		{41EDCA35-0B7D-4542-A5D7-D914CBE83EAB}.AppStore|Any CPU.Build.0 = Release|Any CPU
		{41EDCA35-0B7D-4542-A5D7-D914CBE83EAB}.AppStore|ARM.ActiveCfg = Release|Any CPU
		{41EDCA35-0B7D-4542-A5D7-D914CBE83EAB}.AppStore|iPhone.ActiveCfg = Release|Any CPU
		{41EDCA35-0B7D-4542-A5D7-D914CBE83EAB}.AppStore|iPhoneSimulator.ActiveCfg = Release|Any CPU
		{41EDCA35-0B7D-4542-A5D7-D914CBE83EAB}.AppStore|Mixed Platforms.ActiveCfg = Release|Any CPU
		{41EDCA35-0B7D-4542-A5D7-D914CBE83EAB}.AppStore|Mixed Platforms.Build.0 = Release|Any CPU
		{41EDCA35-0B7D-4542-A5D7-D914CBE83EAB}.AppStore|x86.ActiveCfg = Release|Any CPU
		{41EDCA35-0B7D-4542-A5D7-D914CBE83EAB}.Debug|Any CPU.ActiveCfg = Debug|Any CPU
		{41EDCA35-0B7D-4542-A5D7-D914CBE83EAB}.Debug|Any CPU.Build.0 = Debug|Any CPU
		{41EDCA35-0B7D-4542-A5D7-D914CBE83EAB}.Debug|ARM.ActiveCfg = Debug|Any CPU
		{41EDCA35-0B7D-4542-A5D7-D914CBE83EAB}.Debug|iPhone.ActiveCfg = Debug|Any CPU
		{41EDCA35-0B7D-4542-A5D7-D914CBE83EAB}.Debug|iPhoneSimulator.ActiveCfg = Debug|Any CPU
		{41EDCA35-0B7D-4542-A5D7-D914CBE83EAB}.Debug|Mixed Platforms.ActiveCfg = Debug|Any CPU
		{41EDCA35-0B7D-4542-A5D7-D914CBE83EAB}.Debug|Mixed Platforms.Build.0 = Debug|Any CPU
		{41EDCA35-0B7D-4542-A5D7-D914CBE83EAB}.Debug|x86.ActiveCfg = Debug|Any CPU
		{41EDCA35-0B7D-4542-A5D7-D914CBE83EAB}.Release|Any CPU.ActiveCfg = Release|Any CPU
		{41EDCA35-0B7D-4542-A5D7-D914CBE83EAB}.Release|Any CPU.Build.0 = Release|Any CPU
		{41EDCA35-0B7D-4542-A5D7-D914CBE83EAB}.Release|ARM.ActiveCfg = Release|Any CPU
		{41EDCA35-0B7D-4542-A5D7-D914CBE83EAB}.Release|iPhone.ActiveCfg = Release|Any CPU
		{41EDCA35-0B7D-4542-A5D7-D914CBE83EAB}.Release|iPhoneSimulator.ActiveCfg = Release|Any CPU
		{41EDCA35-0B7D-4542-A5D7-D914CBE83EAB}.Release|Mixed Platforms.ActiveCfg = Release|Any CPU
		{41EDCA35-0B7D-4542-A5D7-D914CBE83EAB}.Release|Mixed Platforms.Build.0 = Release|Any CPU
		{41EDCA35-0B7D-4542-A5D7-D914CBE83EAB}.Release|x86.ActiveCfg = Release|Any CPU
		{48F0414C-3522-4E77-9F08-A30994A900A4}.Ad-Hoc|Any CPU.ActiveCfg = Release|Any CPU
		{48F0414C-3522-4E77-9F08-A30994A900A4}.Ad-Hoc|Any CPU.Build.0 = Release|Any CPU
		{48F0414C-3522-4E77-9F08-A30994A900A4}.Ad-Hoc|Any CPU.Deploy.0 = Release|Any CPU
		{48F0414C-3522-4E77-9F08-A30994A900A4}.Ad-Hoc|ARM.ActiveCfg = Release|Any CPU
		{48F0414C-3522-4E77-9F08-A30994A900A4}.Ad-Hoc|iPhone.ActiveCfg = Release|Any CPU
		{48F0414C-3522-4E77-9F08-A30994A900A4}.Ad-Hoc|iPhoneSimulator.ActiveCfg = Release|Any CPU
		{48F0414C-3522-4E77-9F08-A30994A900A4}.Ad-Hoc|Mixed Platforms.ActiveCfg = Release|Any CPU
		{48F0414C-3522-4E77-9F08-A30994A900A4}.Ad-Hoc|Mixed Platforms.Build.0 = Release|Any CPU
		{48F0414C-3522-4E77-9F08-A30994A900A4}.Ad-Hoc|Mixed Platforms.Deploy.0 = Release|Any CPU
		{48F0414C-3522-4E77-9F08-A30994A900A4}.Ad-Hoc|x86.ActiveCfg = Release|Any CPU
		{48F0414C-3522-4E77-9F08-A30994A900A4}.AppStore|Any CPU.ActiveCfg = Release|Any CPU
		{48F0414C-3522-4E77-9F08-A30994A900A4}.AppStore|Any CPU.Build.0 = Release|Any CPU
		{48F0414C-3522-4E77-9F08-A30994A900A4}.AppStore|Any CPU.Deploy.0 = Release|Any CPU
		{48F0414C-3522-4E77-9F08-A30994A900A4}.AppStore|ARM.ActiveCfg = Release|Any CPU
		{48F0414C-3522-4E77-9F08-A30994A900A4}.AppStore|iPhone.ActiveCfg = Release|Any CPU
		{48F0414C-3522-4E77-9F08-A30994A900A4}.AppStore|iPhoneSimulator.ActiveCfg = Release|Any CPU
		{48F0414C-3522-4E77-9F08-A30994A900A4}.AppStore|Mixed Platforms.ActiveCfg = Release|Any CPU
		{48F0414C-3522-4E77-9F08-A30994A900A4}.AppStore|Mixed Platforms.Build.0 = Release|Any CPU
		{48F0414C-3522-4E77-9F08-A30994A900A4}.AppStore|Mixed Platforms.Deploy.0 = Release|Any CPU
		{48F0414C-3522-4E77-9F08-A30994A900A4}.AppStore|x86.ActiveCfg = Release|Any CPU
		{48F0414C-3522-4E77-9F08-A30994A900A4}.Debug|Any CPU.ActiveCfg = Debug|Any CPU
		{48F0414C-3522-4E77-9F08-A30994A900A4}.Debug|Any CPU.Build.0 = Debug|Any CPU
		{48F0414C-3522-4E77-9F08-A30994A900A4}.Debug|Any CPU.Deploy.0 = Debug|Any CPU
		{48F0414C-3522-4E77-9F08-A30994A900A4}.Debug|ARM.ActiveCfg = Debug|Any CPU
		{48F0414C-3522-4E77-9F08-A30994A900A4}.Debug|iPhone.ActiveCfg = Debug|Any CPU
		{48F0414C-3522-4E77-9F08-A30994A900A4}.Debug|iPhoneSimulator.ActiveCfg = Debug|Any CPU
		{48F0414C-3522-4E77-9F08-A30994A900A4}.Debug|Mixed Platforms.ActiveCfg = Debug|Any CPU
		{48F0414C-3522-4E77-9F08-A30994A900A4}.Debug|Mixed Platforms.Build.0 = Debug|Any CPU
		{48F0414C-3522-4E77-9F08-A30994A900A4}.Debug|Mixed Platforms.Deploy.0 = Debug|Any CPU
		{48F0414C-3522-4E77-9F08-A30994A900A4}.Debug|x86.ActiveCfg = Debug|Any CPU
		{48F0414C-3522-4E77-9F08-A30994A900A4}.Release|Any CPU.ActiveCfg = Release|Any CPU
		{48F0414C-3522-4E77-9F08-A30994A900A4}.Release|Any CPU.Build.0 = Release|Any CPU
		{48F0414C-3522-4E77-9F08-A30994A900A4}.Release|Any CPU.Deploy.0 = Release|Any CPU
		{48F0414C-3522-4E77-9F08-A30994A900A4}.Release|ARM.ActiveCfg = Release|Any CPU
		{48F0414C-3522-4E77-9F08-A30994A900A4}.Release|iPhone.ActiveCfg = Release|Any CPU
		{48F0414C-3522-4E77-9F08-A30994A900A4}.Release|iPhoneSimulator.ActiveCfg = Release|Any CPU
		{48F0414C-3522-4E77-9F08-A30994A900A4}.Release|Mixed Platforms.ActiveCfg = Release|Any CPU
		{48F0414C-3522-4E77-9F08-A30994A900A4}.Release|Mixed Platforms.Build.0 = Release|Any CPU
		{48F0414C-3522-4E77-9F08-A30994A900A4}.Release|Mixed Platforms.Deploy.0 = Release|Any CPU
		{48F0414C-3522-4E77-9F08-A30994A900A4}.Release|x86.ActiveCfg = Release|Any CPU
		{4FAA7091-796F-46E2-80F8-2909F9D51395}.Ad-Hoc|Any CPU.ActiveCfg = Release|Any CPU
		{4FAA7091-796F-46E2-80F8-2909F9D51395}.Ad-Hoc|Any CPU.Build.0 = Release|Any CPU
		{4FAA7091-796F-46E2-80F8-2909F9D51395}.Ad-Hoc|Any CPU.Deploy.0 = Release|Any CPU
		{4FAA7091-796F-46E2-80F8-2909F9D51395}.Ad-Hoc|ARM.ActiveCfg = Release|ARM
		{4FAA7091-796F-46E2-80F8-2909F9D51395}.Ad-Hoc|ARM.Build.0 = Release|ARM
		{4FAA7091-796F-46E2-80F8-2909F9D51395}.Ad-Hoc|ARM.Deploy.0 = Release|ARM
		{4FAA7091-796F-46E2-80F8-2909F9D51395}.Ad-Hoc|iPhone.ActiveCfg = Release|Any CPU
		{4FAA7091-796F-46E2-80F8-2909F9D51395}.Ad-Hoc|iPhoneSimulator.ActiveCfg = Release|Any CPU
		{4FAA7091-796F-46E2-80F8-2909F9D51395}.Ad-Hoc|Mixed Platforms.ActiveCfg = Release|x86
		{4FAA7091-796F-46E2-80F8-2909F9D51395}.Ad-Hoc|Mixed Platforms.Build.0 = Release|x86
		{4FAA7091-796F-46E2-80F8-2909F9D51395}.Ad-Hoc|Mixed Platforms.Deploy.0 = Release|x86
		{4FAA7091-796F-46E2-80F8-2909F9D51395}.Ad-Hoc|x86.ActiveCfg = Release|x86
		{4FAA7091-796F-46E2-80F8-2909F9D51395}.Ad-Hoc|x86.Build.0 = Release|x86
		{4FAA7091-796F-46E2-80F8-2909F9D51395}.Ad-Hoc|x86.Deploy.0 = Release|x86
		{4FAA7091-796F-46E2-80F8-2909F9D51395}.AppStore|Any CPU.ActiveCfg = Release|Any CPU
		{4FAA7091-796F-46E2-80F8-2909F9D51395}.AppStore|Any CPU.Build.0 = Release|Any CPU
		{4FAA7091-796F-46E2-80F8-2909F9D51395}.AppStore|Any CPU.Deploy.0 = Release|Any CPU
		{4FAA7091-796F-46E2-80F8-2909F9D51395}.AppStore|ARM.ActiveCfg = Release|ARM
		{4FAA7091-796F-46E2-80F8-2909F9D51395}.AppStore|ARM.Build.0 = Release|ARM
		{4FAA7091-796F-46E2-80F8-2909F9D51395}.AppStore|ARM.Deploy.0 = Release|ARM
		{4FAA7091-796F-46E2-80F8-2909F9D51395}.AppStore|iPhone.ActiveCfg = Release|Any CPU
		{4FAA7091-796F-46E2-80F8-2909F9D51395}.AppStore|iPhoneSimulator.ActiveCfg = Release|Any CPU
		{4FAA7091-796F-46E2-80F8-2909F9D51395}.AppStore|Mixed Platforms.ActiveCfg = Release|x86
		{4FAA7091-796F-46E2-80F8-2909F9D51395}.AppStore|Mixed Platforms.Build.0 = Release|x86
		{4FAA7091-796F-46E2-80F8-2909F9D51395}.AppStore|Mixed Platforms.Deploy.0 = Release|x86
		{4FAA7091-796F-46E2-80F8-2909F9D51395}.AppStore|x86.ActiveCfg = Release|x86
		{4FAA7091-796F-46E2-80F8-2909F9D51395}.AppStore|x86.Build.0 = Release|x86
		{4FAA7091-796F-46E2-80F8-2909F9D51395}.AppStore|x86.Deploy.0 = Release|x86
		{4FAA7091-796F-46E2-80F8-2909F9D51395}.Debug|Any CPU.ActiveCfg = Debug|Any CPU
		{4FAA7091-796F-46E2-80F8-2909F9D51395}.Debug|Any CPU.Build.0 = Debug|Any CPU
		{4FAA7091-796F-46E2-80F8-2909F9D51395}.Debug|Any CPU.Deploy.0 = Debug|Any CPU
		{4FAA7091-796F-46E2-80F8-2909F9D51395}.Debug|ARM.ActiveCfg = Debug|ARM
		{4FAA7091-796F-46E2-80F8-2909F9D51395}.Debug|ARM.Build.0 = Debug|ARM
		{4FAA7091-796F-46E2-80F8-2909F9D51395}.Debug|ARM.Deploy.0 = Debug|ARM
		{4FAA7091-796F-46E2-80F8-2909F9D51395}.Debug|iPhone.ActiveCfg = Debug|Any CPU
		{4FAA7091-796F-46E2-80F8-2909F9D51395}.Debug|iPhoneSimulator.ActiveCfg = Debug|Any CPU
		{4FAA7091-796F-46E2-80F8-2909F9D51395}.Debug|Mixed Platforms.ActiveCfg = Debug|x86
		{4FAA7091-796F-46E2-80F8-2909F9D51395}.Debug|Mixed Platforms.Build.0 = Debug|x86
		{4FAA7091-796F-46E2-80F8-2909F9D51395}.Debug|Mixed Platforms.Deploy.0 = Debug|x86
		{4FAA7091-796F-46E2-80F8-2909F9D51395}.Debug|x86.ActiveCfg = Debug|x86
		{4FAA7091-796F-46E2-80F8-2909F9D51395}.Debug|x86.Build.0 = Debug|x86
		{4FAA7091-796F-46E2-80F8-2909F9D51395}.Debug|x86.Deploy.0 = Debug|x86
		{4FAA7091-796F-46E2-80F8-2909F9D51395}.Release|Any CPU.ActiveCfg = Release|Any CPU
		{4FAA7091-796F-46E2-80F8-2909F9D51395}.Release|Any CPU.Build.0 = Release|Any CPU
		{4FAA7091-796F-46E2-80F8-2909F9D51395}.Release|Any CPU.Deploy.0 = Release|Any CPU
		{4FAA7091-796F-46E2-80F8-2909F9D51395}.Release|ARM.ActiveCfg = Release|ARM
		{4FAA7091-796F-46E2-80F8-2909F9D51395}.Release|ARM.Build.0 = Release|ARM
		{4FAA7091-796F-46E2-80F8-2909F9D51395}.Release|ARM.Deploy.0 = Release|ARM
		{4FAA7091-796F-46E2-80F8-2909F9D51395}.Release|iPhone.ActiveCfg = Release|Any CPU
		{4FAA7091-796F-46E2-80F8-2909F9D51395}.Release|iPhoneSimulator.ActiveCfg = Release|Any CPU
		{4FAA7091-796F-46E2-80F8-2909F9D51395}.Release|Mixed Platforms.ActiveCfg = Release|x86
		{4FAA7091-796F-46E2-80F8-2909F9D51395}.Release|Mixed Platforms.Build.0 = Release|x86
		{4FAA7091-796F-46E2-80F8-2909F9D51395}.Release|Mixed Platforms.Deploy.0 = Release|x86
		{4FAA7091-796F-46E2-80F8-2909F9D51395}.Release|x86.ActiveCfg = Release|x86
		{4FAA7091-796F-46E2-80F8-2909F9D51395}.Release|x86.Build.0 = Release|x86
		{4FAA7091-796F-46E2-80F8-2909F9D51395}.Release|x86.Deploy.0 = Release|x86
		{506B5402-B89D-476C-AEF8-EA03266117FB}.Ad-Hoc|Any CPU.ActiveCfg = Release|Any CPU
		{506B5402-B89D-476C-AEF8-EA03266117FB}.Ad-Hoc|Any CPU.Build.0 = Release|Any CPU
		{506B5402-B89D-476C-AEF8-EA03266117FB}.Ad-Hoc|ARM.ActiveCfg = Release|Any CPU
		{506B5402-B89D-476C-AEF8-EA03266117FB}.Ad-Hoc|iPhone.ActiveCfg = Release|Any CPU
		{506B5402-B89D-476C-AEF8-EA03266117FB}.Ad-Hoc|iPhoneSimulator.ActiveCfg = Release|Any CPU
		{506B5402-B89D-476C-AEF8-EA03266117FB}.Ad-Hoc|Mixed Platforms.ActiveCfg = Release|Any CPU
		{506B5402-B89D-476C-AEF8-EA03266117FB}.Ad-Hoc|Mixed Platforms.Build.0 = Release|Any CPU
		{506B5402-B89D-476C-AEF8-EA03266117FB}.Ad-Hoc|x86.ActiveCfg = Release|Any CPU
		{506B5402-B89D-476C-AEF8-EA03266117FB}.AppStore|Any CPU.ActiveCfg = Release|Any CPU
		{506B5402-B89D-476C-AEF8-EA03266117FB}.AppStore|Any CPU.Build.0 = Release|Any CPU
		{506B5402-B89D-476C-AEF8-EA03266117FB}.AppStore|ARM.ActiveCfg = Release|Any CPU
		{506B5402-B89D-476C-AEF8-EA03266117FB}.AppStore|iPhone.ActiveCfg = Release|Any CPU
		{506B5402-B89D-476C-AEF8-EA03266117FB}.AppStore|iPhoneSimulator.ActiveCfg = Release|Any CPU
		{506B5402-B89D-476C-AEF8-EA03266117FB}.AppStore|Mixed Platforms.ActiveCfg = Release|Any CPU
		{506B5402-B89D-476C-AEF8-EA03266117FB}.AppStore|Mixed Platforms.Build.0 = Release|Any CPU
		{506B5402-B89D-476C-AEF8-EA03266117FB}.AppStore|x86.ActiveCfg = Release|Any CPU
		{506B5402-B89D-476C-AEF8-EA03266117FB}.Debug|Any CPU.ActiveCfg = Debug|Any CPU
		{506B5402-B89D-476C-AEF8-EA03266117FB}.Debug|Any CPU.Build.0 = Debug|Any CPU
		{506B5402-B89D-476C-AEF8-EA03266117FB}.Debug|ARM.ActiveCfg = Debug|Any CPU
		{506B5402-B89D-476C-AEF8-EA03266117FB}.Debug|iPhone.ActiveCfg = Debug|Any CPU
		{506B5402-B89D-476C-AEF8-EA03266117FB}.Debug|iPhoneSimulator.ActiveCfg = Debug|Any CPU
		{506B5402-B89D-476C-AEF8-EA03266117FB}.Debug|Mixed Platforms.ActiveCfg = Debug|Any CPU
		{506B5402-B89D-476C-AEF8-EA03266117FB}.Debug|Mixed Platforms.Build.0 = Debug|Any CPU
		{506B5402-B89D-476C-AEF8-EA03266117FB}.Debug|x86.ActiveCfg = Debug|Any CPU
		{506B5402-B89D-476C-AEF8-EA03266117FB}.Release|Any CPU.ActiveCfg = Release|Any CPU
		{506B5402-B89D-476C-AEF8-EA03266117FB}.Release|Any CPU.Build.0 = Release|Any CPU
		{506B5402-B89D-476C-AEF8-EA03266117FB}.Release|ARM.ActiveCfg = Release|Any CPU
		{506B5402-B89D-476C-AEF8-EA03266117FB}.Release|iPhone.ActiveCfg = Release|Any CPU
		{506B5402-B89D-476C-AEF8-EA03266117FB}.Release|iPhoneSimulator.ActiveCfg = Release|Any CPU
		{506B5402-B89D-476C-AEF8-EA03266117FB}.Release|Mixed Platforms.ActiveCfg = Release|Any CPU
		{506B5402-B89D-476C-AEF8-EA03266117FB}.Release|Mixed Platforms.Build.0 = Release|Any CPU
		{506B5402-B89D-476C-AEF8-EA03266117FB}.Release|x86.ActiveCfg = Release|Any CPU
		{935F3673-7386-4F49-B16C-E8D924E7DF30}.Ad-Hoc|Any CPU.ActiveCfg = Ad-Hoc|iPhone
		{935F3673-7386-4F49-B16C-E8D924E7DF30}.Ad-Hoc|ARM.ActiveCfg = Ad-Hoc|iPhone
		{935F3673-7386-4F49-B16C-E8D924E7DF30}.Ad-Hoc|iPhone.ActiveCfg = Ad-Hoc|iPhone
		{935F3673-7386-4F49-B16C-E8D924E7DF30}.Ad-Hoc|iPhone.Build.0 = Ad-Hoc|iPhone
		{935F3673-7386-4F49-B16C-E8D924E7DF30}.Ad-Hoc|iPhoneSimulator.ActiveCfg = Ad-Hoc|iPhoneSimulator
		{935F3673-7386-4F49-B16C-E8D924E7DF30}.Ad-Hoc|iPhoneSimulator.Build.0 = Ad-Hoc|iPhoneSimulator
		{935F3673-7386-4F49-B16C-E8D924E7DF30}.Ad-Hoc|Mixed Platforms.ActiveCfg = Ad-Hoc|iPhone
		{935F3673-7386-4F49-B16C-E8D924E7DF30}.Ad-Hoc|Mixed Platforms.Build.0 = Ad-Hoc|iPhone
		{935F3673-7386-4F49-B16C-E8D924E7DF30}.Ad-Hoc|x86.ActiveCfg = Ad-Hoc|iPhone
		{935F3673-7386-4F49-B16C-E8D924E7DF30}.AppStore|Any CPU.ActiveCfg = AppStore|iPhone
		{935F3673-7386-4F49-B16C-E8D924E7DF30}.AppStore|ARM.ActiveCfg = AppStore|iPhone
		{935F3673-7386-4F49-B16C-E8D924E7DF30}.AppStore|iPhone.ActiveCfg = AppStore|iPhone
		{935F3673-7386-4F49-B16C-E8D924E7DF30}.AppStore|iPhone.Build.0 = AppStore|iPhone
		{935F3673-7386-4F49-B16C-E8D924E7DF30}.AppStore|iPhoneSimulator.ActiveCfg = AppStore|iPhoneSimulator
		{935F3673-7386-4F49-B16C-E8D924E7DF30}.AppStore|iPhoneSimulator.Build.0 = AppStore|iPhoneSimulator
		{935F3673-7386-4F49-B16C-E8D924E7DF30}.AppStore|Mixed Platforms.ActiveCfg = AppStore|iPhone
		{935F3673-7386-4F49-B16C-E8D924E7DF30}.AppStore|Mixed Platforms.Build.0 = AppStore|iPhone
		{935F3673-7386-4F49-B16C-E8D924E7DF30}.AppStore|x86.ActiveCfg = AppStore|iPhone
		{935F3673-7386-4F49-B16C-E8D924E7DF30}.Debug|Any CPU.ActiveCfg = Debug|iPhone
		{935F3673-7386-4F49-B16C-E8D924E7DF30}.Debug|ARM.ActiveCfg = Debug|iPhone
		{935F3673-7386-4F49-B16C-E8D924E7DF30}.Debug|iPhone.ActiveCfg = Debug|iPhone
		{935F3673-7386-4F49-B16C-E8D924E7DF30}.Debug|iPhone.Build.0 = Debug|iPhone
		{935F3673-7386-4F49-B16C-E8D924E7DF30}.Debug|iPhoneSimulator.ActiveCfg = Debug|iPhoneSimulator
		{935F3673-7386-4F49-B16C-E8D924E7DF30}.Debug|iPhoneSimulator.Build.0 = Debug|iPhoneSimulator
		{935F3673-7386-4F49-B16C-E8D924E7DF30}.Debug|Mixed Platforms.ActiveCfg = Debug|iPhone
		{935F3673-7386-4F49-B16C-E8D924E7DF30}.Debug|Mixed Platforms.Build.0 = Debug|iPhone
		{935F3673-7386-4F49-B16C-E8D924E7DF30}.Debug|x86.ActiveCfg = Debug|iPhone
		{935F3673-7386-4F49-B16C-E8D924E7DF30}.Release|Any CPU.ActiveCfg = Release|iPhone
		{935F3673-7386-4F49-B16C-E8D924E7DF30}.Release|ARM.ActiveCfg = Release|iPhone
		{935F3673-7386-4F49-B16C-E8D924E7DF30}.Release|iPhone.ActiveCfg = Release|iPhone
		{935F3673-7386-4F49-B16C-E8D924E7DF30}.Release|iPhone.Build.0 = Release|iPhone
		{935F3673-7386-4F49-B16C-E8D924E7DF30}.Release|iPhoneSimulator.ActiveCfg = Release|iPhoneSimulator
		{935F3673-7386-4F49-B16C-E8D924E7DF30}.Release|iPhoneSimulator.Build.0 = Release|iPhoneSimulator
		{935F3673-7386-4F49-B16C-E8D924E7DF30}.Release|Mixed Platforms.ActiveCfg = Release|iPhone
		{935F3673-7386-4F49-B16C-E8D924E7DF30}.Release|Mixed Platforms.Build.0 = Release|iPhone
		{935F3673-7386-4F49-B16C-E8D924E7DF30}.Release|x86.ActiveCfg = Release|iPhone
		{A4A1D183-FD80-4DBD-806F-883DDADD4967}.Ad-Hoc|Any CPU.ActiveCfg = Release|Any CPU
		{A4A1D183-FD80-4DBD-806F-883DDADD4967}.Ad-Hoc|Any CPU.Build.0 = Release|Any CPU
		{A4A1D183-FD80-4DBD-806F-883DDADD4967}.Ad-Hoc|ARM.ActiveCfg = Release|Any CPU
		{A4A1D183-FD80-4DBD-806F-883DDADD4967}.Ad-Hoc|iPhone.ActiveCfg = Release|Any CPU
		{A4A1D183-FD80-4DBD-806F-883DDADD4967}.Ad-Hoc|iPhoneSimulator.ActiveCfg = Release|Any CPU
		{A4A1D183-FD80-4DBD-806F-883DDADD4967}.Ad-Hoc|Mixed Platforms.ActiveCfg = Release|Any CPU
		{A4A1D183-FD80-4DBD-806F-883DDADD4967}.Ad-Hoc|Mixed Platforms.Build.0 = Release|Any CPU
		{A4A1D183-FD80-4DBD-806F-883DDADD4967}.Ad-Hoc|x86.ActiveCfg = Release|Any CPU
		{A4A1D183-FD80-4DBD-806F-883DDADD4967}.AppStore|Any CPU.ActiveCfg = Release|Any CPU
		{A4A1D183-FD80-4DBD-806F-883DDADD4967}.AppStore|Any CPU.Build.0 = Release|Any CPU
		{A4A1D183-FD80-4DBD-806F-883DDADD4967}.AppStore|ARM.ActiveCfg = Release|Any CPU
		{A4A1D183-FD80-4DBD-806F-883DDADD4967}.AppStore|iPhone.ActiveCfg = Release|Any CPU
		{A4A1D183-FD80-4DBD-806F-883DDADD4967}.AppStore|iPhoneSimulator.ActiveCfg = Release|Any CPU
		{A4A1D183-FD80-4DBD-806F-883DDADD4967}.AppStore|Mixed Platforms.ActiveCfg = Release|Any CPU
		{A4A1D183-FD80-4DBD-806F-883DDADD4967}.AppStore|Mixed Platforms.Build.0 = Release|Any CPU
		{A4A1D183-FD80-4DBD-806F-883DDADD4967}.AppStore|x86.ActiveCfg = Release|Any CPU
		{A4A1D183-FD80-4DBD-806F-883DDADD4967}.Debug|Any CPU.ActiveCfg = Debug|Any CPU
		{A4A1D183-FD80-4DBD-806F-883DDADD4967}.Debug|Any CPU.Build.0 = Debug|Any CPU
		{A4A1D183-FD80-4DBD-806F-883DDADD4967}.Debug|ARM.ActiveCfg = Debug|Any CPU
		{A4A1D183-FD80-4DBD-806F-883DDADD4967}.Debug|iPhone.ActiveCfg = Debug|Any CPU
		{A4A1D183-FD80-4DBD-806F-883DDADD4967}.Debug|iPhoneSimulator.ActiveCfg = Debug|Any CPU
		{A4A1D183-FD80-4DBD-806F-883DDADD4967}.Debug|Mixed Platforms.ActiveCfg = Debug|Any CPU
		{A4A1D183-FD80-4DBD-806F-883DDADD4967}.Debug|Mixed Platforms.Build.0 = Debug|Any CPU
		{A4A1D183-FD80-4DBD-806F-883DDADD4967}.Debug|x86.ActiveCfg = Debug|Any CPU
		{A4A1D183-FD80-4DBD-806F-883DDADD4967}.Release|Any CPU.ActiveCfg = Release|Any CPU
		{A4A1D183-FD80-4DBD-806F-883DDADD4967}.Release|Any CPU.Build.0 = Release|Any CPU
		{A4A1D183-FD80-4DBD-806F-883DDADD4967}.Release|ARM.ActiveCfg = Release|Any CPU
		{A4A1D183-FD80-4DBD-806F-883DDADD4967}.Release|iPhone.ActiveCfg = Release|Any CPU
		{A4A1D183-FD80-4DBD-806F-883DDADD4967}.Release|iPhoneSimulator.ActiveCfg = Release|Any CPU
		{A4A1D183-FD80-4DBD-806F-883DDADD4967}.Release|Mixed Platforms.ActiveCfg = Release|Any CPU
		{A4A1D183-FD80-4DBD-806F-883DDADD4967}.Release|Mixed Platforms.Build.0 = Release|Any CPU
		{A4A1D183-FD80-4DBD-806F-883DDADD4967}.Release|x86.ActiveCfg = Release|Any CPU
		{CAA8CA96-B873-4CEC-B514-8D8B87829B47}.Ad-Hoc|Any CPU.ActiveCfg = Release|Any CPU
		{CAA8CA96-B873-4CEC-B514-8D8B87829B47}.Ad-Hoc|Any CPU.Build.0 = Release|Any CPU
		{CAA8CA96-B873-4CEC-B514-8D8B87829B47}.Ad-Hoc|Any CPU.Deploy.0 = Release|Any CPU
		{CAA8CA96-B873-4CEC-B514-8D8B87829B47}.Ad-Hoc|ARM.ActiveCfg = Release|Any CPU
		{CAA8CA96-B873-4CEC-B514-8D8B87829B47}.Ad-Hoc|iPhone.ActiveCfg = Release|Any CPU
		{CAA8CA96-B873-4CEC-B514-8D8B87829B47}.Ad-Hoc|iPhoneSimulator.ActiveCfg = Release|Any CPU
		{CAA8CA96-B873-4CEC-B514-8D8B87829B47}.Ad-Hoc|Mixed Platforms.ActiveCfg = Release|Any CPU
		{CAA8CA96-B873-4CEC-B514-8D8B87829B47}.Ad-Hoc|Mixed Platforms.Build.0 = Release|Any CPU
		{CAA8CA96-B873-4CEC-B514-8D8B87829B47}.Ad-Hoc|Mixed Platforms.Deploy.0 = Release|Any CPU
		{CAA8CA96-B873-4CEC-B514-8D8B87829B47}.Ad-Hoc|x86.ActiveCfg = Release|Any CPU
		{CAA8CA96-B873-4CEC-B514-8D8B87829B47}.AppStore|Any CPU.ActiveCfg = Release|Any CPU
		{CAA8CA96-B873-4CEC-B514-8D8B87829B47}.AppStore|Any CPU.Build.0 = Release|Any CPU
		{CAA8CA96-B873-4CEC-B514-8D8B87829B47}.AppStore|Any CPU.Deploy.0 = Release|Any CPU
		{CAA8CA96-B873-4CEC-B514-8D8B87829B47}.AppStore|ARM.ActiveCfg = Release|Any CPU
		{CAA8CA96-B873-4CEC-B514-8D8B87829B47}.AppStore|iPhone.ActiveCfg = Release|Any CPU
		{CAA8CA96-B873-4CEC-B514-8D8B87829B47}.AppStore|iPhoneSimulator.ActiveCfg = Release|Any CPU
		{CAA8CA96-B873-4CEC-B514-8D8B87829B47}.AppStore|Mixed Platforms.ActiveCfg = Release|Any CPU
		{CAA8CA96-B873-4CEC-B514-8D8B87829B47}.AppStore|Mixed Platforms.Build.0 = Release|Any CPU
		{CAA8CA96-B873-4CEC-B514-8D8B87829B47}.AppStore|Mixed Platforms.Deploy.0 = Release|Any CPU
		{CAA8CA96-B873-4CEC-B514-8D8B87829B47}.AppStore|x86.ActiveCfg = Release|Any CPU
		{CAA8CA96-B873-4CEC-B514-8D8B87829B47}.Debug|Any CPU.ActiveCfg = Debug|Any CPU
		{CAA8CA96-B873-4CEC-B514-8D8B87829B47}.Debug|Any CPU.Build.0 = Debug|Any CPU
		{CAA8CA96-B873-4CEC-B514-8D8B87829B47}.Debug|Any CPU.Deploy.0 = Debug|Any CPU
		{CAA8CA96-B873-4CEC-B514-8D8B87829B47}.Debug|ARM.ActiveCfg = Debug|Any CPU
		{CAA8CA96-B873-4CEC-B514-8D8B87829B47}.Debug|iPhone.ActiveCfg = Debug|Any CPU
		{CAA8CA96-B873-4CEC-B514-8D8B87829B47}.Debug|iPhoneSimulator.ActiveCfg = Debug|Any CPU
		{CAA8CA96-B873-4CEC-B514-8D8B87829B47}.Debug|Mixed Platforms.ActiveCfg = Debug|Any CPU
		{CAA8CA96-B873-4CEC-B514-8D8B87829B47}.Debug|Mixed Platforms.Build.0 = Debug|Any CPU
		{CAA8CA96-B873-4CEC-B514-8D8B87829B47}.Debug|Mixed Platforms.Deploy.0 = Debug|Any CPU
		{CAA8CA96-B873-4CEC-B514-8D8B87829B47}.Debug|x86.ActiveCfg = Debug|Any CPU
		{CAA8CA96-B873-4CEC-B514-8D8B87829B47}.Release|Any CPU.ActiveCfg = Release|Any CPU
		{CAA8CA96-B873-4CEC-B514-8D8B87829B47}.Release|Any CPU.Build.0 = Release|Any CPU
		{CAA8CA96-B873-4CEC-B514-8D8B87829B47}.Release|Any CPU.Deploy.0 = Release|Any CPU
		{CAA8CA96-B873-4CEC-B514-8D8B87829B47}.Release|ARM.ActiveCfg = Release|Any CPU
		{CAA8CA96-B873-4CEC-B514-8D8B87829B47}.Release|iPhone.ActiveCfg = Release|Any CPU
		{CAA8CA96-B873-4CEC-B514-8D8B87829B47}.Release|iPhoneSimulator.ActiveCfg = Release|Any CPU
		{CAA8CA96-B873-4CEC-B514-8D8B87829B47}.Release|Mixed Platforms.ActiveCfg = Release|Any CPU
		{CAA8CA96-B873-4CEC-B514-8D8B87829B47}.Release|Mixed Platforms.Build.0 = Release|Any CPU
		{CAA8CA96-B873-4CEC-B514-8D8B87829B47}.Release|Mixed Platforms.Deploy.0 = Release|Any CPU
		{CAA8CA96-B873-4CEC-B514-8D8B87829B47}.Release|x86.ActiveCfg = Release|Any CPU
		{CFF4130B-7196-4199-87AC-BEF0CC868891}.Ad-Hoc|Any CPU.ActiveCfg = Release|Any CPU
		{CFF4130B-7196-4199-87AC-BEF0CC868891}.Ad-Hoc|Any CPU.Build.0 = Release|Any CPU
		{CFF4130B-7196-4199-87AC-BEF0CC868891}.Ad-Hoc|Any CPU.Deploy.0 = Release|Any CPU
		{CFF4130B-7196-4199-87AC-BEF0CC868891}.Ad-Hoc|ARM.ActiveCfg = Release|ARM
		{CFF4130B-7196-4199-87AC-BEF0CC868891}.Ad-Hoc|ARM.Build.0 = Release|ARM
		{CFF4130B-7196-4199-87AC-BEF0CC868891}.Ad-Hoc|ARM.Deploy.0 = Release|ARM
		{CFF4130B-7196-4199-87AC-BEF0CC868891}.Ad-Hoc|iPhone.ActiveCfg = Release|Any CPU
		{CFF4130B-7196-4199-87AC-BEF0CC868891}.Ad-Hoc|iPhoneSimulator.ActiveCfg = Release|Any CPU
		{CFF4130B-7196-4199-87AC-BEF0CC868891}.Ad-Hoc|Mixed Platforms.ActiveCfg = Release|x86
		{CFF4130B-7196-4199-87AC-BEF0CC868891}.Ad-Hoc|Mixed Platforms.Build.0 = Release|x86
		{CFF4130B-7196-4199-87AC-BEF0CC868891}.Ad-Hoc|Mixed Platforms.Deploy.0 = Release|x86
		{CFF4130B-7196-4199-87AC-BEF0CC868891}.Ad-Hoc|x86.ActiveCfg = Release|x86
		{CFF4130B-7196-4199-87AC-BEF0CC868891}.Ad-Hoc|x86.Build.0 = Release|x86
		{CFF4130B-7196-4199-87AC-BEF0CC868891}.Ad-Hoc|x86.Deploy.0 = Release|x86
		{CFF4130B-7196-4199-87AC-BEF0CC868891}.AppStore|Any CPU.ActiveCfg = Release|Any CPU
		{CFF4130B-7196-4199-87AC-BEF0CC868891}.AppStore|Any CPU.Build.0 = Release|Any CPU
		{CFF4130B-7196-4199-87AC-BEF0CC868891}.AppStore|Any CPU.Deploy.0 = Release|Any CPU
		{CFF4130B-7196-4199-87AC-BEF0CC868891}.AppStore|ARM.ActiveCfg = Release|ARM
		{CFF4130B-7196-4199-87AC-BEF0CC868891}.AppStore|ARM.Build.0 = Release|ARM
		{CFF4130B-7196-4199-87AC-BEF0CC868891}.AppStore|ARM.Deploy.0 = Release|ARM
		{CFF4130B-7196-4199-87AC-BEF0CC868891}.AppStore|iPhone.ActiveCfg = Release|Any CPU
		{CFF4130B-7196-4199-87AC-BEF0CC868891}.AppStore|iPhoneSimulator.ActiveCfg = Release|Any CPU
		{CFF4130B-7196-4199-87AC-BEF0CC868891}.AppStore|Mixed Platforms.ActiveCfg = Release|x86
		{CFF4130B-7196-4199-87AC-BEF0CC868891}.AppStore|Mixed Platforms.Build.0 = Release|x86
		{CFF4130B-7196-4199-87AC-BEF0CC868891}.AppStore|Mixed Platforms.Deploy.0 = Release|x86
		{CFF4130B-7196-4199-87AC-BEF0CC868891}.AppStore|x86.ActiveCfg = Release|x86
		{CFF4130B-7196-4199-87AC-BEF0CC868891}.AppStore|x86.Build.0 = Release|x86
		{CFF4130B-7196-4199-87AC-BEF0CC868891}.AppStore|x86.Deploy.0 = Release|x86
		{CFF4130B-7196-4199-87AC-BEF0CC868891}.Debug|Any CPU.ActiveCfg = Debug|Any CPU
		{CFF4130B-7196-4199-87AC-BEF0CC868891}.Debug|Any CPU.Build.0 = Debug|Any CPU
		{CFF4130B-7196-4199-87AC-BEF0CC868891}.Debug|Any CPU.Deploy.0 = Debug|Any CPU
		{CFF4130B-7196-4199-87AC-BEF0CC868891}.Debug|ARM.ActiveCfg = Debug|ARM
		{CFF4130B-7196-4199-87AC-BEF0CC868891}.Debug|ARM.Build.0 = Debug|ARM
		{CFF4130B-7196-4199-87AC-BEF0CC868891}.Debug|ARM.Deploy.0 = Debug|ARM
		{CFF4130B-7196-4199-87AC-BEF0CC868891}.Debug|iPhone.ActiveCfg = Debug|Any CPU
		{CFF4130B-7196-4199-87AC-BEF0CC868891}.Debug|iPhoneSimulator.ActiveCfg = Debug|Any CPU
		{CFF4130B-7196-4199-87AC-BEF0CC868891}.Debug|Mixed Platforms.ActiveCfg = Debug|x86
		{CFF4130B-7196-4199-87AC-BEF0CC868891}.Debug|Mixed Platforms.Build.0 = Debug|x86
		{CFF4130B-7196-4199-87AC-BEF0CC868891}.Debug|Mixed Platforms.Deploy.0 = Debug|x86
		{CFF4130B-7196-4199-87AC-BEF0CC868891}.Debug|x86.ActiveCfg = Debug|x86
		{CFF4130B-7196-4199-87AC-BEF0CC868891}.Debug|x86.Build.0 = Debug|x86
		{CFF4130B-7196-4199-87AC-BEF0CC868891}.Debug|x86.Deploy.0 = Debug|x86
		{CFF4130B-7196-4199-87AC-BEF0CC868891}.Release|Any CPU.ActiveCfg = Release|Any CPU
		{CFF4130B-7196-4199-87AC-BEF0CC868891}.Release|Any CPU.Build.0 = Release|Any CPU
		{CFF4130B-7196-4199-87AC-BEF0CC868891}.Release|Any CPU.Deploy.0 = Release|Any CPU
		{CFF4130B-7196-4199-87AC-BEF0CC868891}.Release|ARM.ActiveCfg = Release|ARM
		{CFF4130B-7196-4199-87AC-BEF0CC868891}.Release|ARM.Build.0 = Release|ARM
		{CFF4130B-7196-4199-87AC-BEF0CC868891}.Release|ARM.Deploy.0 = Release|ARM
		{CFF4130B-7196-4199-87AC-BEF0CC868891}.Release|iPhone.ActiveCfg = Release|Any CPU
		{CFF4130B-7196-4199-87AC-BEF0CC868891}.Release|iPhoneSimulator.ActiveCfg = Release|Any CPU
		{CFF4130B-7196-4199-87AC-BEF0CC868891}.Release|Mixed Platforms.ActiveCfg = Release|x86
		{CFF4130B-7196-4199-87AC-BEF0CC868891}.Release|Mixed Platforms.Build.0 = Release|x86
		{CFF4130B-7196-4199-87AC-BEF0CC868891}.Release|Mixed Platforms.Deploy.0 = Release|x86
		{CFF4130B-7196-4199-87AC-BEF0CC868891}.Release|x86.ActiveCfg = Release|x86
		{CFF4130B-7196-4199-87AC-BEF0CC868891}.Release|x86.Build.0 = Release|x86
		{CFF4130B-7196-4199-87AC-BEF0CC868891}.Release|x86.Deploy.0 = Release|x86
		{D8E59ACA-3781-4AD7-89E2-73F0C9217614}.Ad-Hoc|Any CPU.ActiveCfg = Release|Any CPU
		{D8E59ACA-3781-4AD7-89E2-73F0C9217614}.Ad-Hoc|Any CPU.Build.0 = Release|Any CPU
		{D8E59ACA-3781-4AD7-89E2-73F0C9217614}.Ad-Hoc|ARM.ActiveCfg = Release|Any CPU
		{D8E59ACA-3781-4AD7-89E2-73F0C9217614}.Ad-Hoc|ARM.Build.0 = Release|Any CPU
		{D8E59ACA-3781-4AD7-89E2-73F0C9217614}.Ad-Hoc|iPhone.ActiveCfg = Release|Any CPU
		{D8E59ACA-3781-4AD7-89E2-73F0C9217614}.Ad-Hoc|iPhone.Build.0 = Release|Any CPU
		{D8E59ACA-3781-4AD7-89E2-73F0C9217614}.Ad-Hoc|iPhoneSimulator.ActiveCfg = Release|Any CPU
		{D8E59ACA-3781-4AD7-89E2-73F0C9217614}.Ad-Hoc|iPhoneSimulator.Build.0 = Release|Any CPU
		{D8E59ACA-3781-4AD7-89E2-73F0C9217614}.Ad-Hoc|Mixed Platforms.ActiveCfg = Release|Any CPU
		{D8E59ACA-3781-4AD7-89E2-73F0C9217614}.Ad-Hoc|Mixed Platforms.Build.0 = Release|Any CPU
		{D8E59ACA-3781-4AD7-89E2-73F0C9217614}.Ad-Hoc|x86.ActiveCfg = Release|Any CPU
		{D8E59ACA-3781-4AD7-89E2-73F0C9217614}.Ad-Hoc|x86.Build.0 = Release|Any CPU
		{D8E59ACA-3781-4AD7-89E2-73F0C9217614}.AppStore|Any CPU.ActiveCfg = Release|Any CPU
		{D8E59ACA-3781-4AD7-89E2-73F0C9217614}.AppStore|Any CPU.Build.0 = Release|Any CPU
		{D8E59ACA-3781-4AD7-89E2-73F0C9217614}.AppStore|ARM.ActiveCfg = Release|Any CPU
		{D8E59ACA-3781-4AD7-89E2-73F0C9217614}.AppStore|ARM.Build.0 = Release|Any CPU
		{D8E59ACA-3781-4AD7-89E2-73F0C9217614}.AppStore|iPhone.ActiveCfg = Release|Any CPU
		{D8E59ACA-3781-4AD7-89E2-73F0C9217614}.AppStore|iPhone.Build.0 = Release|Any CPU
		{D8E59ACA-3781-4AD7-89E2-73F0C9217614}.AppStore|iPhoneSimulator.ActiveCfg = Release|Any CPU
		{D8E59ACA-3781-4AD7-89E2-73F0C9217614}.AppStore|iPhoneSimulator.Build.0 = Release|Any CPU
		{D8E59ACA-3781-4AD7-89E2-73F0C9217614}.AppStore|Mixed Platforms.ActiveCfg = Release|Any CPU
		{D8E59ACA-3781-4AD7-89E2-73F0C9217614}.AppStore|Mixed Platforms.Build.0 = Release|Any CPU
		{D8E59ACA-3781-4AD7-89E2-73F0C9217614}.AppStore|x86.ActiveCfg = Release|Any CPU
		{D8E59ACA-3781-4AD7-89E2-73F0C9217614}.AppStore|x86.Build.0 = Release|Any CPU
		{D8E59ACA-3781-4AD7-89E2-73F0C9217614}.Debug|Any CPU.ActiveCfg = Debug|Any CPU
		{D8E59ACA-3781-4AD7-89E2-73F0C9217614}.Debug|Any CPU.Build.0 = Debug|Any CPU
		{D8E59ACA-3781-4AD7-89E2-73F0C9217614}.Debug|ARM.ActiveCfg = Debug|Any CPU
		{D8E59ACA-3781-4AD7-89E2-73F0C9217614}.Debug|ARM.Build.0 = Debug|Any CPU
		{D8E59ACA-3781-4AD7-89E2-73F0C9217614}.Debug|iPhone.ActiveCfg = Debug|Any CPU
		{D8E59ACA-3781-4AD7-89E2-73F0C9217614}.Debug|iPhone.Build.0 = Debug|Any CPU
		{D8E59ACA-3781-4AD7-89E2-73F0C9217614}.Debug|iPhoneSimulator.ActiveCfg = Debug|Any CPU
		{D8E59ACA-3781-4AD7-89E2-73F0C9217614}.Debug|iPhoneSimulator.Build.0 = Debug|Any CPU
		{D8E59ACA-3781-4AD7-89E2-73F0C9217614}.Debug|Mixed Platforms.ActiveCfg = Debug|Any CPU
		{D8E59ACA-3781-4AD7-89E2-73F0C9217614}.Debug|Mixed Platforms.Build.0 = Debug|Any CPU
		{D8E59ACA-3781-4AD7-89E2-73F0C9217614}.Debug|x86.ActiveCfg = Debug|Any CPU
		{D8E59ACA-3781-4AD7-89E2-73F0C9217614}.Debug|x86.Build.0 = Debug|Any CPU
		{D8E59ACA-3781-4AD7-89E2-73F0C9217614}.Release|Any CPU.ActiveCfg = Release|Any CPU
		{D8E59ACA-3781-4AD7-89E2-73F0C9217614}.Release|Any CPU.Build.0 = Release|Any CPU
		{D8E59ACA-3781-4AD7-89E2-73F0C9217614}.Release|ARM.ActiveCfg = Release|Any CPU
		{D8E59ACA-3781-4AD7-89E2-73F0C9217614}.Release|ARM.Build.0 = Release|Any CPU
		{D8E59ACA-3781-4AD7-89E2-73F0C9217614}.Release|iPhone.ActiveCfg = Release|Any CPU
		{D8E59ACA-3781-4AD7-89E2-73F0C9217614}.Release|iPhone.Build.0 = Release|Any CPU
		{D8E59ACA-3781-4AD7-89E2-73F0C9217614}.Release|iPhoneSimulator.ActiveCfg = Release|Any CPU
		{D8E59ACA-3781-4AD7-89E2-73F0C9217614}.Release|iPhoneSimulator.Build.0 = Release|Any CPU
		{D8E59ACA-3781-4AD7-89E2-73F0C9217614}.Release|Mixed Platforms.ActiveCfg = Release|Any CPU
		{D8E59ACA-3781-4AD7-89E2-73F0C9217614}.Release|Mixed Platforms.Build.0 = Release|Any CPU
		{D8E59ACA-3781-4AD7-89E2-73F0C9217614}.Release|x86.ActiveCfg = Release|Any CPU
		{D8E59ACA-3781-4AD7-89E2-73F0C9217614}.Release|x86.Build.0 = Release|Any CPU
		{E3434B95-9352-46AE-A256-42CA9A9D5AF7}.Ad-Hoc|Any CPU.ActiveCfg = Ad-Hoc|iPhone
		{E3434B95-9352-46AE-A256-42CA9A9D5AF7}.Ad-Hoc|ARM.ActiveCfg = Ad-Hoc|iPhone
		{E3434B95-9352-46AE-A256-42CA9A9D5AF7}.Ad-Hoc|iPhone.ActiveCfg = Ad-Hoc|iPhone
		{E3434B95-9352-46AE-A256-42CA9A9D5AF7}.Ad-Hoc|iPhone.Build.0 = Ad-Hoc|iPhone
		{E3434B95-9352-46AE-A256-42CA9A9D5AF7}.Ad-Hoc|iPhoneSimulator.ActiveCfg = Ad-Hoc|iPhoneSimulator
		{E3434B95-9352-46AE-A256-42CA9A9D5AF7}.Ad-Hoc|iPhoneSimulator.Build.0 = Ad-Hoc|iPhoneSimulator
		{E3434B95-9352-46AE-A256-42CA9A9D5AF7}.Ad-Hoc|Mixed Platforms.ActiveCfg = Ad-Hoc|iPhone
		{E3434B95-9352-46AE-A256-42CA9A9D5AF7}.Ad-Hoc|Mixed Platforms.Build.0 = Ad-Hoc|iPhone
		{E3434B95-9352-46AE-A256-42CA9A9D5AF7}.Ad-Hoc|x86.ActiveCfg = Ad-Hoc|iPhone
		{E3434B95-9352-46AE-A256-42CA9A9D5AF7}.AppStore|Any CPU.ActiveCfg = AppStore|iPhone
		{E3434B95-9352-46AE-A256-42CA9A9D5AF7}.AppStore|ARM.ActiveCfg = AppStore|iPhone
		{E3434B95-9352-46AE-A256-42CA9A9D5AF7}.AppStore|iPhone.ActiveCfg = AppStore|iPhone
		{E3434B95-9352-46AE-A256-42CA9A9D5AF7}.AppStore|iPhone.Build.0 = AppStore|iPhone
		{E3434B95-9352-46AE-A256-42CA9A9D5AF7}.AppStore|iPhoneSimulator.ActiveCfg = AppStore|iPhoneSimulator
		{E3434B95-9352-46AE-A256-42CA9A9D5AF7}.AppStore|iPhoneSimulator.Build.0 = AppStore|iPhoneSimulator
		{E3434B95-9352-46AE-A256-42CA9A9D5AF7}.AppStore|Mixed Platforms.ActiveCfg = AppStore|iPhone
		{E3434B95-9352-46AE-A256-42CA9A9D5AF7}.AppStore|Mixed Platforms.Build.0 = AppStore|iPhone
		{E3434B95-9352-46AE-A256-42CA9A9D5AF7}.AppStore|x86.ActiveCfg = AppStore|iPhone
		{E3434B95-9352-46AE-A256-42CA9A9D5AF7}.Debug|Any CPU.ActiveCfg = Debug|iPhone
		{E3434B95-9352-46AE-A256-42CA9A9D5AF7}.Debug|ARM.ActiveCfg = Debug|iPhone
		{E3434B95-9352-46AE-A256-42CA9A9D5AF7}.Debug|iPhone.ActiveCfg = Debug|iPhone
		{E3434B95-9352-46AE-A256-42CA9A9D5AF7}.Debug|iPhone.Build.0 = Debug|iPhone
		{E3434B95-9352-46AE-A256-42CA9A9D5AF7}.Debug|iPhoneSimulator.ActiveCfg = Debug|iPhoneSimulator
		{E3434B95-9352-46AE-A256-42CA9A9D5AF7}.Debug|iPhoneSimulator.Build.0 = Debug|iPhoneSimulator
		{E3434B95-9352-46AE-A256-42CA9A9D5AF7}.Debug|Mixed Platforms.ActiveCfg = Debug|iPhone
		{E3434B95-9352-46AE-A256-42CA9A9D5AF7}.Debug|Mixed Platforms.Build.0 = Debug|iPhone
		{E3434B95-9352-46AE-A256-42CA9A9D5AF7}.Debug|x86.ActiveCfg = Debug|iPhone
		{E3434B95-9352-46AE-A256-42CA9A9D5AF7}.Release|Any CPU.ActiveCfg = Release|iPhone
		{E3434B95-9352-46AE-A256-42CA9A9D5AF7}.Release|ARM.ActiveCfg = Release|iPhone
		{E3434B95-9352-46AE-A256-42CA9A9D5AF7}.Release|iPhone.ActiveCfg = Release|iPhone
		{E3434B95-9352-46AE-A256-42CA9A9D5AF7}.Release|iPhone.Build.0 = Release|iPhone
		{E3434B95-9352-46AE-A256-42CA9A9D5AF7}.Release|iPhoneSimulator.ActiveCfg = Release|iPhoneSimulator
		{E3434B95-9352-46AE-A256-42CA9A9D5AF7}.Release|iPhoneSimulator.Build.0 = Release|iPhoneSimulator
		{E3434B95-9352-46AE-A256-42CA9A9D5AF7}.Release|Mixed Platforms.ActiveCfg = Release|iPhone
		{E3434B95-9352-46AE-A256-42CA9A9D5AF7}.Release|Mixed Platforms.Build.0 = Release|iPhone
		{E3434B95-9352-46AE-A256-42CA9A9D5AF7}.Release|x86.ActiveCfg = Release|iPhone
	EndGlobalSection
	GlobalSection(NestedProjects) = preSolution
		{A4A1D183-FD80-4DBD-806F-883DDADD4967} = {92016FF2-58A9-4B85-86E6-F1EDE3DB35E3}
		{3786FC2E-7FC9-43EC-B137-41B070DE37D8} = {92016FF2-58A9-4B85-86E6-F1EDE3DB35E3}
		{2E0A1CE9-1785-4291-A807-C9F4AF017035} = {92016FF2-58A9-4B85-86E6-F1EDE3DB35E3}
		{2BD75CE1-3EDC-4BFA-9DAC-2236D74A9658} = {92016FF2-58A9-4B85-86E6-F1EDE3DB35E3}
		{78874070-8713-4A97-9C0B-E49AD1AD7ACB} = {92016FF2-58A9-4B85-86E6-F1EDE3DB35E3}
		{41EDCA35-0B7D-4542-A5D7-D914CBE83EAB} = {92016FF2-58A9-4B85-86E6-F1EDE3DB35E3}
		{48F0414C-3522-4E77-9F08-A30994A900A4} = {92016FF2-58A9-4B85-86E6-F1EDE3DB35E3}
		{E3434B95-9352-46AE-A256-42CA9A9D5AF7} = {92016FF2-58A9-4B85-86E6-F1EDE3DB35E3}
		{CFF4130B-7196-4199-87AC-BEF0CC868891} = {92016FF2-58A9-4B85-86E6-F1EDE3DB35E3}
		{3E0C9916-924D-4F59-8FCF-E4A299DDD4CC} = {92016FF2-58A9-4B85-86E6-F1EDE3DB35E3}
		{D8E59ACA-3781-4AD7-89E2-73F0C9217614} = {92016FF2-58A9-4B85-86E6-F1EDE3DB35E3}
		{8B6EC659-1156-4519-9024-6326BD9251C3} = {78874070-8713-4A97-9C0B-E49AD1AD7ACB}
		{ADE52344-E258-416C-96CA-742340A6D052} = {78874070-8713-4A97-9C0B-E49AD1AD7ACB}
	EndGlobalSection
	GlobalSection(SolutionProperties) = preSolution
		HideSolutionNode = FALSE
	EndGlobalSection
EndGlobal
